
Microsoft Visual Studio Solution File, Format Version 12.00
# Visual Studio Version 17
VisualStudioVersion = 17.3.32901.215
MinimumVisualStudioVersion = 10.0.40219.1
Project("{FAE04EC0-301F-11D3-BF4B-00C04F79EFBC}") = "Application", "Application\Application.csproj", "{920FA6B8-9A83-4ACF-9748-C36B768BD6E8}"
EndProject
Project("{FAE04EC0-301F-11D3-BF4B-00C04F79EFBC}") = "Application.Library", "Application.Library\Application.Library.csproj", "{BA636EE1-814C-4E45-805F-647B80323694}"
EndProject
Project("{FAE04EC0-301F-11D3-BF4B-00C04F79EFBC}") = "Application.Testing", "Application.Testing\Application.Testing.csproj", "{E1600592-65C8-4D57-B089-FEE173681AFE}"
EndProject
Global
	GlobalSection(SolutionConfigurationPlatforms) = preSolution
		Debug|Any CPU = Debug|Any CPU
		Release|Any CPU = Release|Any CPU
	EndGlobalSection
	GlobalSection(ProjectConfigurationPlatforms) = postSolution
		{920FA6B8-9A83-4ACF-9748-C36B768BD6E8}.Debug|Any CPU.ActiveCfg = Debug|Any CPU
		{920FA6B8-9A83-4ACF-9748-C36B768BD6E8}.Debug|Any CPU.Build.0 = Debug|Any CPU
		{920FA6B8-9A83-4ACF-9748-C36B768BD6E8}.Release|Any CPU.ActiveCfg = Release|Any CPU
		{920FA6B8-9A83-4ACF-9748-C36B768BD6E8}.Release|Any CPU.Build.0 = Release|Any CPU
		{BA636EE1-814C-4E45-805F-647B80323694}.Debug|Any CPU.ActiveCfg = Debug|Any CPU
		{BA636EE1-814C-4E45-805F-647B80323694}.Debug|Any CPU.Build.0 = Debug|Any CPU
		{BA636EE1-814C-4E45-805F-647B80323694}.Release|Any CPU.ActiveCfg = Release|Any CPU
		{BA636EE1-814C-4E45-805F-647B80323694}.Release|Any CPU.Build.0 = Release|Any CPU
		{E1600592-65C8-4D57-B089-FEE173681AFE}.Debug|Any CPU.ActiveCfg = Debug|Any CPU
		{E1600592-65C8-4D57-B089-FEE173681AFE}.Debug|Any CPU.Build.0 = Debug|Any CPU
		{E1600592-65C8-4D57-B089-FEE173681AFE}.Release|Any CPU.ActiveCfg = Release|Any CPU
		{E1600592-65C8-4D57-B089-FEE173681AFE}.Release|Any CPU.Build.0 = Release|Any CPU
	EndGlobalSection
	GlobalSection(SolutionProperties) = preSolution
		HideSolutionNode = FALSE
	EndGlobalSection
	GlobalSection(ExtensibilityGlobals) = postSolution
		SolutionGuid = {272E117B-64AA-4410-9835-3EFCE38A1542}
	EndGlobalSection
EndGlobal
